
Microsoft Visual Studio Solution File, Format Version 12.00
# Visual Studio Version 16
VisualStudioVersion = 16.0.30011.22
MinimumVisualStudioVersion = 10.0.40219.1
Project("{9A19103F-16F7-4668-BE54-9A1E7A4F7556}") = "Project0", "Project0\Project0.csproj", "{5AABE919-A4BC-40C4-A9CB-113391C9EF00}"
EndProject
Project("{FAE04EC0-301F-11D3-BF4B-00C04F79EFBC}") = "Project0Lib", "Project0Lib\Project0Lib.csproj", "{BA1928D2-E1A1-45E0-9276-479EF6B8650F}"
EndProject
Project("{FAE04EC0-301F-11D3-BF4B-00C04F79EFBC}") = "Project0Test", "Project0Test\Project0Test.csproj", "{665B6528-1787-4822-A165-832340729C4F}"
EndProject
Global
	GlobalSection(SolutionConfigurationPlatforms) = preSolution
		Debug|Any CPU = Debug|Any CPU
		Release|Any CPU = Release|Any CPU
	EndGlobalSection
	GlobalSection(ProjectConfigurationPlatforms) = postSolution
		{5AABE919-A4BC-40C4-A9CB-113391C9EF00}.Debug|Any CPU.ActiveCfg = Debug|Any CPU
		{5AABE919-A4BC-40C4-A9CB-113391C9EF00}.Debug|Any CPU.Build.0 = Debug|Any CPU
		{5AABE919-A4BC-40C4-A9CB-113391C9EF00}.Release|Any CPU.ActiveCfg = Release|Any CPU
		{5AABE919-A4BC-40C4-A9CB-113391C9EF00}.Release|Any CPU.Build.0 = Release|Any CPU
		{BA1928D2-E1A1-45E0-9276-479EF6B8650F}.Debug|Any CPU.ActiveCfg = Debug|Any CPU
		{BA1928D2-E1A1-45E0-9276-479EF6B8650F}.Debug|Any CPU.Build.0 = Debug|Any CPU
		{BA1928D2-E1A1-45E0-9276-479EF6B8650F}.Release|Any CPU.ActiveCfg = Release|Any CPU
		{BA1928D2-E1A1-45E0-9276-479EF6B8650F}.Release|Any CPU.Build.0 = Release|Any CPU
		{665B6528-1787-4822-A165-832340729C4F}.Debug|Any CPU.ActiveCfg = Debug|Any CPU
		{665B6528-1787-4822-A165-832340729C4F}.Debug|Any CPU.Build.0 = Debug|Any CPU
		{665B6528-1787-4822-A165-832340729C4F}.Release|Any CPU.ActiveCfg = Release|Any CPU
		{665B6528-1787-4822-A165-832340729C4F}.Release|Any CPU.Build.0 = Release|Any CPU
	EndGlobalSection
	GlobalSection(SolutionProperties) = preSolution
		HideSolutionNode = FALSE
	EndGlobalSection
	GlobalSection(ExtensibilityGlobals) = postSolution
		SolutionGuid = {8D45BB05-B8A4-406C-B5A5-30846302219C}
	EndGlobalSection
EndGlobal
